
Microsoft Visual Studio Solution File, Format Version 12.00
# Visual Studio 15
Project("{FAE04EC0-301F-11D3-BF4B-00C04F79EFBC}") = "Assembly-CSharp", "Assembly-CSharp.csproj", "{4542AFB4-2352-F3AE-2EB8-B0417A440D65}"
EndProject
Project("{FAE04EC0-301F-11D3-BF4B-00C04F79EFBC}") = "Unity.XR.Interaction.Toolkit.Samples.StarterAssets", "Unity.XR.Interaction.Toolkit.Samples.StarterAssets.csproj", "{C35EE5D2-1083-6533-C224-94E5239D19A9}"
EndProject
Project("{FAE04EC0-301F-11D3-BF4B-00C04F79EFBC}") = "Unity.XR.Interaction.Toolkit.Samples.StarterAssets.Editor", "Unity.XR.Interaction.Toolkit.Samples.StarterAssets.Editor.csproj", "{5D0B2C14-03F2-E6CA-6AA0-B89E69694BD2}"
EndProject
Global
	GlobalSection(SolutionConfigurationPlatforms) = preSolution
		Debug|Any CPU = Debug|Any CPU
		Release|Any CPU = Release|Any CPU
	EndGlobalSection
	GlobalSection(ProjectConfigurationPlatforms) = postSolution
		{4542AFB4-2352-F3AE-2EB8-B0417A440D65}.Debug|Any CPU.ActiveCfg = Debug|Any CPU
		{4542AFB4-2352-F3AE-2EB8-B0417A440D65}.Debug|Any CPU.Build.0 = Debug|Any CPU
		{4542AFB4-2352-F3AE-2EB8-B0417A440D65}.Release|Any CPU.ActiveCfg = Release|Any CPU
		{4542AFB4-2352-F3AE-2EB8-B0417A440D65}.Release|Any CPU.Build.0 = Release|Any CPU
		{C35EE5D2-1083-6533-C224-94E5239D19A9}.Debug|Any CPU.ActiveCfg = Debug|Any CPU
		{C35EE5D2-1083-6533-C224-94E5239D19A9}.Debug|Any CPU.Build.0 = Debug|Any CPU
		{C35EE5D2-1083-6533-C224-94E5239D19A9}.Release|Any CPU.ActiveCfg = Release|Any CPU
		{C35EE5D2-1083-6533-C224-94E5239D19A9}.Release|Any CPU.Build.0 = Release|Any CPU
		{5D0B2C14-03F2-E6CA-6AA0-B89E69694BD2}.Debug|Any CPU.ActiveCfg = Debug|Any CPU
		{5D0B2C14-03F2-E6CA-6AA0-B89E69694BD2}.Debug|Any CPU.Build.0 = Debug|Any CPU
		{5D0B2C14-03F2-E6CA-6AA0-B89E69694BD2}.Release|Any CPU.ActiveCfg = Release|Any CPU
		{5D0B2C14-03F2-E6CA-6AA0-B89E69694BD2}.Release|Any CPU.Build.0 = Release|Any CPU
	EndGlobalSection
	GlobalSection(SolutionProperties) = preSolution
		HideSolutionNode = FALSE
	EndGlobalSection
EndGlobal
